
Microsoft Visual Studio Solution File, Format Version 12.00
# Visual Studio Version 16
VisualStudioVersion = 16.0.30503.244
MinimumVisualStudioVersion = 10.0.40219.1
Project("{FAE04EC0-301F-11D3-BF4B-00C04F79EFBC}") = "ReTask.Artsofte.API", "ReTask.Artsofte.API\ReTask.Artsofte.API.csproj", "{463FCFC8-9995-41E8-A88C-839930F0D24F}"
EndProject
Project("{FAE04EC0-301F-11D3-BF4B-00C04F79EFBC}") = "ReTask.Artsofte.Domain", "ReTask.Artsofte.Domain\ReTask.Artsofte.Domain.csproj", "{3D72062A-AA95-4093-9D8F-B5ED16E04953}"
EndProject
Project("{FAE04EC0-301F-11D3-BF4B-00C04F79EFBC}") = "ReTask.Artsofte.Application", "ReTask.Artsofte.Application\ReTask.Artsofte.Application.csproj", "{E1DD913D-6FB9-40D9-B90E-404CF77E273C}"
EndProject
Project("{FAE04EC0-301F-11D3-BF4B-00C04F79EFBC}") = "ReTask.Artsofte.Infrastructure.Persistence", "ReTask.Artsofte.Infrastructure.Persistence\ReTask.Artsofte.Infrastructure.Persistence.csproj", "{1312F5C4-CB40-4A49-B667-446F5B908255}"
EndProject
Global
	GlobalSection(SolutionConfigurationPlatforms) = preSolution
		Debug|Any CPU = Debug|Any CPU
		Release|Any CPU = Release|Any CPU
	EndGlobalSection
	GlobalSection(ProjectConfigurationPlatforms) = postSolution
		{463FCFC8-9995-41E8-A88C-839930F0D24F}.Debug|Any CPU.ActiveCfg = Debug|Any CPU
		{463FCFC8-9995-41E8-A88C-839930F0D24F}.Debug|Any CPU.Build.0 = Debug|Any CPU
		{463FCFC8-9995-41E8-A88C-839930F0D24F}.Release|Any CPU.ActiveCfg = Release|Any CPU
		{463FCFC8-9995-41E8-A88C-839930F0D24F}.Release|Any CPU.Build.0 = Release|Any CPU
		{3D72062A-AA95-4093-9D8F-B5ED16E04953}.Debug|Any CPU.ActiveCfg = Debug|Any CPU
		{3D72062A-AA95-4093-9D8F-B5ED16E04953}.Debug|Any CPU.Build.0 = Debug|Any CPU
		{3D72062A-AA95-4093-9D8F-B5ED16E04953}.Release|Any CPU.ActiveCfg = Release|Any CPU
		{3D72062A-AA95-4093-9D8F-B5ED16E04953}.Release|Any CPU.Build.0 = Release|Any CPU
		{E1DD913D-6FB9-40D9-B90E-404CF77E273C}.Debug|Any CPU.ActiveCfg = Debug|Any CPU
		{E1DD913D-6FB9-40D9-B90E-404CF77E273C}.Debug|Any CPU.Build.0 = Debug|Any CPU
		{E1DD913D-6FB9-40D9-B90E-404CF77E273C}.Release|Any CPU.ActiveCfg = Release|Any CPU
		{E1DD913D-6FB9-40D9-B90E-404CF77E273C}.Release|Any CPU.Build.0 = Release|Any CPU
		{1312F5C4-CB40-4A49-B667-446F5B908255}.Debug|Any CPU.ActiveCfg = Debug|Any CPU
		{1312F5C4-CB40-4A49-B667-446F5B908255}.Debug|Any CPU.Build.0 = Debug|Any CPU
		{1312F5C4-CB40-4A49-B667-446F5B908255}.Release|Any CPU.ActiveCfg = Release|Any CPU
		{1312F5C4-CB40-4A49-B667-446F5B908255}.Release|Any CPU.Build.0 = Release|Any CPU
	EndGlobalSection
	GlobalSection(SolutionProperties) = preSolution
		HideSolutionNode = FALSE
	EndGlobalSection
	GlobalSection(ExtensibilityGlobals) = postSolution
		SolutionGuid = {53F10CE1-7FF8-4022-B324-B18C1D4E3F85}
	EndGlobalSection
EndGlobal
